
Microsoft Visual Studio Solution File, Format Version 12.00
# Visual Studio Version 17
VisualStudioVersion = 17.14.36127.28 d17.14
MinimumVisualStudioVersion = 10.0.40219.1
Project("{FAE04EC0-301F-11D3-BF4B-00C04F79EFBC}") = "RapidApiBooking", "RapidApiBooking\RapidApiBooking.csproj", "{E05AF857-C24C-494A-A7E9-12EAEA89F92D}"
EndProject
Global
	GlobalSection(SolutionConfigurationPlatforms) = preSolution
		Debug|Any CPU = Debug|Any CPU
		Release|Any CPU = Release|Any CPU
	EndGlobalSection
	GlobalSection(ProjectConfigurationPlatforms) = postSolution
		{E05AF857-C24C-494A-A7E9-12EAEA89F92D}.Debug|Any CPU.ActiveCfg = Debug|Any CPU
		{E05AF857-C24C-494A-A7E9-12EAEA89F92D}.Debug|Any CPU.Build.0 = Debug|Any CPU
		{E05AF857-C24C-494A-A7E9-12EAEA89F92D}.Release|Any CPU.ActiveCfg = Release|Any CPU
		{E05AF857-C24C-494A-A7E9-12EAEA89F92D}.Release|Any CPU.Build.0 = Release|Any CPU
	EndGlobalSection
	GlobalSection(SolutionProperties) = preSolution
		HideSolutionNode = FALSE
	EndGlobalSection
	GlobalSection(ExtensibilityGlobals) = postSolution
		SolutionGuid = {C3FE31AE-BD7D-41EB-BAB0-D608BDED0363}
	EndGlobalSection
EndGlobal
